
Microsoft Visual Studio Solution File, Format Version 12.00
# Visual Studio Version 17
VisualStudioVersion = 17.14.37012.4 d17.14
MinimumVisualStudioVersion = 10.0.40219.1
Project("{FAE04EC0-301F-11D3-BF4B-00C04F79EFBC}") = "Pre.AsyncDemo.Cons", "Pre.AsyncDemo.Cons\Pre.AsyncDemo.Cons.csproj", "{C88C3F11-BF66-48D6-A204-02AC9D5E753A}"
EndProject
Global
	GlobalSection(SolutionConfigurationPlatforms) = preSolution
		Debug|Any CPU = Debug|Any CPU
		Release|Any CPU = Release|Any CPU
	EndGlobalSection
	GlobalSection(ProjectConfigurationPlatforms) = postSolution
		{C88C3F11-BF66-48D6-A204-02AC9D5E753A}.Debug|Any CPU.ActiveCfg = Debug|Any CPU
		{C88C3F11-BF66-48D6-A204-02AC9D5E753A}.Debug|Any CPU.Build.0 = Debug|Any CPU
		{C88C3F11-BF66-48D6-A204-02AC9D5E753A}.Release|Any CPU.ActiveCfg = Release|Any CPU
		{C88C3F11-BF66-48D6-A204-02AC9D5E753A}.Release|Any CPU.Build.0 = Release|Any CPU
	EndGlobalSection
	GlobalSection(SolutionProperties) = preSolution
		HideSolutionNode = FALSE
	EndGlobalSection
	GlobalSection(ExtensibilityGlobals) = postSolution
		SolutionGuid = {004AE48A-C517-40EB-9265-91694FD6A86D}
	EndGlobalSection
EndGlobal
